{
  "version": 4,
  "terraform_version": "1.6.4",
  "serial": 3,
  "lineage": "59809ee2-d283-e8cd-2777-0625d3895ba4",
  "outputs": {},
  "resources": [
    {
      "mode": "managed",
      "type": "local_file",
      "name": "git",
      "provider": "provider[\"registry.terraform.io/hashicorp/local\"]",
      "instances": [
        {
          "schema_version": 0,
          "attributes": {
            "content": "iam devops engineer",
            "content_base64": null,
            "content_base64sha256": "p7H2KWB7NY64eDHCCy6jCwJbRCZB91AroeiXha5mTRo=",
            "content_base64sha512": "WOhC+QDaVePrj3d9E9POzWTSUX/23GDx5/RPJf7twLkYUyGLmqE+n7uL8zD8/U11O/egKTVPPl5nQpx2kv/PNg==",
            "content_md5": "850f857999740c2ed4b95eeb4b6bbbd0",
            "content_sha1": "3a24ca52d0ad3ee2b4e8f3eac224e1869bfe8e16",
            "content_sha256": "a7b1f629607b358eb87831c20b2ea30b025b442641f7502ba1e89785ae664d1a",
            "content_sha512": "58e842f900da55e3eb8f777d13d3cecd64d2517ff6dc60f1e7f44f25feedc0b91853218b9aa13e9fbb8bf330fcfd4d753bf7a029354f3e5e67429c7692ffcf36",
            "directory_permission": "0777",
            "file_permission": "0777",
            "filename": "pavan.txt",
            "id": "3a24ca52d0ad3ee2b4e8f3eac224e1869bfe8e16",
            "sensitive_content": null,
            "source": null
          },
          "sensitive_attributes": []
        }
      ]
    }
  ],
  "check_results": null
}
